
Microsoft Visual Studio Solution File, Format Version 12.00
# Visual Studio 15
VisualStudioVersion = 15.0.28307.705
MinimumVisualStudioVersion = 10.0.40219.1
Project("{FAE04EC0-301F-11D3-BF4B-00C04F79EFBC}") = "GSLTHU", "GSLTHU\GSLTHU.csproj", "{5D9C293F-A560-469A-8972-4C9F4605B27A}"
EndProject
Global
	GlobalSection(SolutionConfigurationPlatforms) = preSolution
		Debug|Any CPU = Debug|Any CPU
		Release|Any CPU = Release|Any CPU
	EndGlobalSection
	GlobalSection(ProjectConfigurationPlatforms) = postSolution
		{5D9C293F-A560-469A-8972-4C9F4605B27A}.Debug|Any CPU.ActiveCfg = Debug|Any CPU
		{5D9C293F-A560-469A-8972-4C9F4605B27A}.Debug|Any CPU.Build.0 = Debug|Any CPU
		{5D9C293F-A560-469A-8972-4C9F4605B27A}.Release|Any CPU.ActiveCfg = Release|Any CPU
		{5D9C293F-A560-469A-8972-4C9F4605B27A}.Release|Any CPU.Build.0 = Release|Any CPU
	EndGlobalSection
	GlobalSection(SolutionProperties) = preSolution
		HideSolutionNode = FALSE
	EndGlobalSection
	GlobalSection(ExtensibilityGlobals) = postSolution
		SolutionGuid = {1EFEEC4A-2936-4A7A-8AED-F6E036631806}
	EndGlobalSection
EndGlobal
